[root]
name = "hyper"
version = "0.1.0"
dependencies = [
 "env_logger 0.3.1 (registry+https://github.com/rust-lang/crates.io-index)",
 "hyper 0.6.14 (registry+https://github.com/rust-lang/crates.io-index)",
]

[[package]]
name = "advapi32-sys"
version = "0.1.2"
source = "registry+https://github.com/rust-lang/crates.io-index"
dependencies = [
 "winapi 0.2.4 (registry+https://github.com/rust-lang/crates.io-index)",
 "winapi-build 0.1.1 (registry+https://github.com/rust-lang/crates.io-index)",
]

[[package]]
name = "aho-corasick"
version = "0.3.2"
source = "registry+https://github.com/rust-lang/crates.io-index"
dependencies = [
 "memchr 0.1.6 (registry+https://github.com/rust-lang/crates.io-index)",
]

[[package]]
name = "bitflags"
version = "0.3.2"
source = "registry+https://github.com/rust-lang/crates.io-index"

[[package]]
name = "cookie"
version = "0.1.21"
source = "registry+https://github.com/rust-lang/crates.io-index"
dependencies = [
 "openssl 0.6.5 (registry+https://github.com/rust-lang/crates.io-index)",
 "rustc-serialize 0.3.16 (registry+https://github.com/rust-lang/crates.io-index)",
 "time 0.1.32 (registry+https://github.com/rust-lang/crates.io-index)",
 "url 0.2.37 (registry+https://github.com/rust-lang/crates.io-index)",
]

[[package]]
name = "env_logger"
version = "0.3.1"
source = "registry+https://github.com/rust-lang/crates.io-index"
dependencies = [
 "log 0.3.2 (registry+https://github.com/rust-lang/crates.io-index)",
 "regex 0.1.41 (registry+https://github.com/rust-lang/crates.io-index)",
]

[[package]]
name = "gcc"
version = "0.3.16"
source = "registry+https://github.com/rust-lang/crates.io-index"
dependencies = [
 "advapi32-sys 0.1.2 (registry+https://github.com/rust-lang/crates.io-index)",
 "winapi 0.2.4 (registry+https://github.com/rust-lang/crates.io-index)",
]

[[package]]
name = "hpack"
version = "0.2.0"
source = "registry+https://github.com/rust-lang/crates.io-index"
dependencies = [
 "log 0.3.2 (registry+https://github.com/rust-lang/crates.io-index)",
]

[[package]]
name = "httparse"
version = "0.1.6"
source = "registry+https://github.com/rust-lang/crates.io-index"

[[package]]
name = "hyper"
version = "0.6.14"
source = "registry+https://github.com/rust-lang/crates.io-index"
dependencies = [
 "cookie 0.1.21 (registry+https://github.com/rust-lang/crates.io-index)",
 "httparse 0.1.6 (registry+https://github.com/rust-lang/crates.io-index)",
 "language-tags 0.0.7 (registry+https://github.com/rust-lang/crates.io-index)",
 "log 0.3.2 (registry+https://github.com/rust-lang/crates.io-index)",
 "mime 0.1.0 (registry+https://github.com/rust-lang/crates.io-index)",
 "num_cpus 0.2.6 (registry+https://github.com/rust-lang/crates.io-index)",
 "openssl 0.6.5 (registry+https://github.com/rust-lang/crates.io-index)",
 "rustc-serialize 0.3.16 (registry+https://github.com/rust-lang/crates.io-index)",
 "solicit 0.4.4 (registry+https://github.com/rust-lang/crates.io-index)",
 "time 0.1.32 (registry+https://github.com/rust-lang/crates.io-index)",
 "traitobject 0.0.1 (registry+https://github.com/rust-lang/crates.io-index)",
 "typeable 0.1.2 (registry+https://github.com/rust-lang/crates.io-index)",
 "unicase 1.0.0 (registry+https://github.com/rust-lang/crates.io-index)",
 "url 0.2.37 (registry+https://github.com/rust-lang/crates.io-index)",
]

[[package]]
name = "kernel32-sys"
version = "0.1.4"
source = "registry+https://github.com/rust-lang/crates.io-index"
dependencies = [
 "winapi 0.2.4 (registry+https://github.com/rust-lang/crates.io-index)",
 "winapi-build 0.1.1 (registry+https://github.com/rust-lang/crates.io-index)",
]

[[package]]
name = "language-tags"
version = "0.0.7"
source = "registry+https://github.com/rust-lang/crates.io-index"

[[package]]
name = "lazy_static"
version = "0.1.14"
source = "registry+https://github.com/rust-lang/crates.io-index"

[[package]]
name = "libc"
version = "0.1.10"
source = "registry+https://github.com/rust-lang/crates.io-index"

[[package]]
name = "libressl-pnacl-sys"
version = "2.1.6"
source = "registry+https://github.com/rust-lang/crates.io-index"
dependencies = [
 "pnacl-build-helper 1.4.10 (registry+https://github.com/rust-lang/crates.io-index)",
]

[[package]]
name = "log"
version = "0.3.2"
source = "registry+https://github.com/rust-lang/crates.io-index"
dependencies = [
 "libc 0.1.10 (registry+https://github.com/rust-lang/crates.io-index)",
]

[[package]]
name = "matches"
version = "0.1.2"
source = "registry+https://github.com/rust-lang/crates.io-index"

[[package]]
name = "memchr"
version = "0.1.6"
source = "registry+https://github.com/rust-lang/crates.io-index"
dependencies = [
 "libc 0.1.10 (registry+https://github.com/rust-lang/crates.io-index)",
]

[[package]]
name = "mime"
version = "0.1.0"
source = "registry+https://github.com/rust-lang/crates.io-index"
dependencies = [
 "log 0.3.2 (registry+https://github.com/rust-lang/crates.io-index)",
]

[[package]]
name = "num_cpus"
version = "0.2.6"
source = "registry+https://github.com/rust-lang/crates.io-index"
dependencies = [
 "libc 0.1.10 (registry+https://github.com/rust-lang/crates.io-index)",
]

[[package]]
name = "openssl"
version = "0.6.5"
source = "registry+https://github.com/rust-lang/crates.io-index"
dependencies = [
 "bitflags 0.3.2 (registry+https://github.com/rust-lang/crates.io-index)",
 "lazy_static 0.1.14 (registry+https://github.com/rust-lang/crates.io-index)",
 "libc 0.1.10 (registry+https://github.com/rust-lang/crates.io-index)",
 "openssl-sys 0.6.5 (registry+https://github.com/rust-lang/crates.io-index)",
]

[[package]]
name = "openssl-sys"
version = "0.6.5"
source = "registry+https://github.com/rust-lang/crates.io-index"
dependencies = [
 "gcc 0.3.16 (registry+https://github.com/rust-lang/crates.io-index)",
 "libc 0.1.10 (registry+https://github.com/rust-lang/crates.io-index)",
 "libressl-pnacl-sys 2.1.6 (registry+https://github.com/rust-lang/crates.io-index)",
 "pkg-config 0.3.5 (registry+https://github.com/rust-lang/crates.io-index)",
]

[[package]]
name = "pkg-config"
version = "0.3.5"
source = "registry+https://github.com/rust-lang/crates.io-index"

[[package]]
name = "pnacl-build-helper"
version = "1.4.10"
source = "registry+https://github.com/rust-lang/crates.io-index"
dependencies = [
 "tempdir 0.3.4 (registry+https://github.com/rust-lang/crates.io-index)",
]

[[package]]
name = "rand"
version = "0.3.11"
source = "registry+https://github.com/rust-lang/crates.io-index"
dependencies = [
 "advapi32-sys 0.1.2 (registry+https://github.com/rust-lang/crates.io-index)",
 "libc 0.1.10 (registry+https://github.com/rust-lang/crates.io-index)",
 "winapi 0.2.4 (registry+https://github.com/rust-lang/crates.io-index)",
]

[[package]]
name = "regex"
version = "0.1.41"
source = "registry+https://github.com/rust-lang/crates.io-index"
dependencies = [
 "aho-corasick 0.3.2 (registry+https://github.com/rust-lang/crates.io-index)",
 "memchr 0.1.6 (registry+https://github.com/rust-lang/crates.io-index)",
 "regex-syntax 0.2.2 (registry+https://github.com/rust-lang/crates.io-index)",
]

[[package]]
name = "regex-syntax"
version = "0.2.2"
source = "registry+https://github.com/rust-lang/crates.io-index"

[[package]]
name = "rustc-serialize"
version = "0.3.16"
source = "registry+https://github.com/rust-lang/crates.io-index"

[[package]]
name = "solicit"
version = "0.4.4"
source = "registry+https://github.com/rust-lang/crates.io-index"
dependencies = [
 "hpack 0.2.0 (registry+https://github.com/rust-lang/crates.io-index)",
 "log 0.3.2 (registry+https://github.com/rust-lang/crates.io-index)",
]

[[package]]
name = "tempdir"
version = "0.3.4"
source = "registry+https://github.com/rust-lang/crates.io-index"
dependencies = [
 "rand 0.3.11 (registry+https://github.com/rust-lang/crates.io-index)",
]

[[package]]
name = "time"
version = "0.1.32"
source = "registry+https://github.com/rust-lang/crates.io-index"
dependencies = [
 "kernel32-sys 0.1.4 (registry+https://github.com/rust-lang/crates.io-index)",
 "libc 0.1.10 (registry+https://github.com/rust-lang/crates.io-index)",
 "winapi 0.2.4 (registry+https://github.com/rust-lang/crates.io-index)",
]

[[package]]
name = "traitobject"
version = "0.0.1"
source = "registry+https://github.com/rust-lang/crates.io-index"

[[package]]
name = "typeable"
version = "0.1.2"
source = "registry+https://github.com/rust-lang/crates.io-index"

[[package]]
name = "unicase"
version = "1.0.0"
source = "registry+https://github.com/rust-lang/crates.io-index"

[[package]]
name = "url"
version = "0.2.37"
source = "registry+https://github.com/rust-lang/crates.io-index"
dependencies = [
 "matches 0.1.2 (registry+https://github.com/rust-lang/crates.io-index)",
 "rustc-serialize 0.3.16 (registry+https://github.com/rust-lang/crates.io-index)",
]

[[package]]
name = "winapi"
version = "0.2.4"
source = "registry+https://github.com/rust-lang/crates.io-index"

[[package]]
name = "winapi-build"
version = "0.1.1"
source = "registry+https://github.com/rust-lang/crates.io-index"

[metadata]
"checksum advapi32-sys 0.1.2 (registry+https://github.com/rust-lang/crates.io-index)" = "307c92332867e586720c0222ee9d890bbe8431711efed8a1b06bc5b40fc66bd7"
"checksum aho-corasick 0.3.2 (registry+https://github.com/rust-lang/crates.io-index)" = "00b4afd4decb1f55389ef9117a738235592d19f3ab0bef1a34aac6b41635f12a"
"checksum bitflags 0.3.2 (registry+https://github.com/rust-lang/crates.io-index)" = "65fee84cb17ca0b1f86b3870caad42a966b58366caed5a1651c6eb7f415ac545"
"checksum cookie 0.1.21 (registry+https://github.com/rust-lang/crates.io-index)" = "02443c47d5c80f9b4be9b8f51c0bf307d663fe28b18ccabef44d8b0a4b2a967b"
"checksum env_logger 0.3.1 (registry+https://github.com/rust-lang/crates.io-index)" = "fe89992bf1f224398bcb742738d4fad84ce2d65ea7ee3a5fee779008c8130622"
"checksum gcc 0.3.16 (registry+https://github.com/rust-lang/crates.io-index)" = "10006dc745e74d2786c045b465633963954d4f04af324cd60b481d701f761954"
"checksum hpack 0.2.0 (registry+https://github.com/rust-lang/crates.io-index)" = "3d2da7d3a34cf6406d9d700111b8eafafe9a251de41ae71d8052748259343b58"
"checksum httparse 0.1.6 (registry+https://github.com/rust-lang/crates.io-index)" = "6347d7d25dafc348f31160473fa847bf9c56a41e57306315eae543b75411596f"
"checksum hyper 0.6.14 (registry+https://github.com/rust-lang/crates.io-index)" = "f24e873f877b3c6cf7a21b60fd74abd6048d30ed077fe89bb0ae14652ebf503c"
"checksum kernel32-sys 0.1.4 (registry+https://github.com/rust-lang/crates.io-index)" = "e014dab1082fd9d80ea1fa6fcb261b47ed3eb511612a14198bb507701add083e"
"checksum language-tags 0.0.7 (registry+https://github.com/rust-lang/crates.io-index)" = "41633f9c0d99840437d1f2073c0a6dadcf1dbd28b87dda956e3d91b65f6e57a7"
"checksum lazy_static 0.1.14 (registry+https://github.com/rust-lang/crates.io-index)" = "466e07dc490cbe19e7fa72d78334581fad0a68083ea72ff0a95b0fbddd664536"
"checksum libc 0.1.10 (registry+https://github.com/rust-lang/crates.io-index)" = "cd70bd1f9f3bfadfdcdf92869faecc795686617d3a9acfe74d0c89a4bb6d142b"
"checksum libressl-pnacl-sys 2.1.6 (registry+https://github.com/rust-lang/crates.io-index)" = "cbc058951ab6a3ef35ca16462d7642c4867e6403520811f28537a4e2f2db3e71"
"checksum log 0.3.2 (registry+https://github.com/rust-lang/crates.io-index)" = "0b31520293fb0bea11a3b5ffde21bce34b00c063c42366948af845bb68a18522"
"checksum matches 0.1.2 (registry+https://github.com/rust-lang/crates.io-index)" = "15305656809ce5a4805b1ff2946892810992197ce1270ff79baded852187942e"
"checksum memchr 0.1.6 (registry+https://github.com/rust-lang/crates.io-index)" = "5e6ccc9689c3436c502392ce72163d192ed82beea051f88f570bff312ffc9c5e"
"checksum mime 0.1.0 (registry+https://github.com/rust-lang/crates.io-index)" = "82cb9365a85d5c3dd6f503a5f2323b8110df222b322a127583897eb4e9df84ff"
"checksum num_cpus 0.2.6 (registry+https://github.com/rust-lang/crates.io-index)" = "aed7a0c6b051811d1b6c6d36a77f5820d2b520c8e832ea47cb0754f90d340e31"
"checksum openssl 0.6.5 (registry+https://github.com/rust-lang/crates.io-index)" = "8c6f12bc68b3a591618ce36e0f6e3c371742a78644c034dfeaffe280cfc98899"
"checksum openssl-sys 0.6.5 (registry+https://github.com/rust-lang/crates.io-index)" = "4d0ae5e7f9f5164e4faf61a9f5fd4022abaaf248d402972fef165580bae228a2"
"checksum pkg-config 0.3.5 (registry+https://github.com/rust-lang/crates.io-index)" = "71048206ec7132fc63b492abfec77a7a66059ed2b5fbbff59ac16a7b4a2cc495"
"checksum pnacl-build-helper 1.4.10 (registry+https://github.com/rust-lang/crates.io-index)" = "61c9231d31aea845007443d62fcbb58bb6949ab9c18081ee1e09920e0cf1118b"
"checksum rand 0.3.11 (registry+https://github.com/rust-lang/crates.io-index)" = "9f7c7a46a8a1f876a89c594f7171a4152f5d7db20bfd4861c4f59b314ee81bff"
"checksum regex 0.1.41 (registry+https://github.com/rust-lang/crates.io-index)" = "4499ef755e709fbfe334ecbc3206537e84952ead5347791b0f54c2b75fe63a28"
"checksum regex-syntax 0.2.2 (registry+https://github.com/rust-lang/crates.io-index)" = "fcf1e805b0a23c845be2a303136d840a1511284727bc1f1fc32d079552ef901f"
"checksum rustc-serialize 0.3.16 (registry+https://github.com/rust-lang/crates.io-index)" = "1a48546a64cae47d06885e9bccadb99d0547d877a94c5167fa451ea33a484456"
"checksum solicit 0.4.4 (registry+https://github.com/rust-lang/crates.io-index)" = "172382bac9424588d7840732b250faeeef88942e37b6e35317dce98cafdd75b2"
"checksum tempdir 0.3.4 (registry+https://github.com/rust-lang/crates.io-index)" = "0b62933a3f96cd559700662c34f8bab881d9e3540289fb4f368419c7f13a5aa9"
"checksum time 0.1.32 (registry+https://github.com/rust-lang/crates.io-index)" = "7a293822233b81c06fc328921cb771c87a8826a29f4ec595fa78221e482e12f3"
"checksum traitobject 0.0.1 (registry+https://github.com/rust-lang/crates.io-index)" = "07eaeb7689bb7fca7ce15628319635758eda769fed481ecfe6686ddef2600616"
"checksum typeable 0.1.2 (registry+https://github.com/rust-lang/crates.io-index)" = "1410f6f91f21d1612654e7cc69193b0334f909dcf2c790c4826254fbb86f8887"
"checksum unicase 1.0.0 (registry+https://github.com/rust-lang/crates.io-index)" = "cb874ebe26bbb9a961e2da8ba26c409a37ea371d0137663605830799b26f303a"
"checksum url 0.2.37 (registry+https://github.com/rust-lang/crates.io-index)" = "8418be6f06480ae5242d656575a7f369b0cd0ee992e8e8f4a6610f64b3a6d911"
"checksum winapi 0.2.4 (registry+https://github.com/rust-lang/crates.io-index)" = "5350e40d908c7e8b9e5c9edb541ca47cc617c6229d3575a46da6f550f36c96fd"
"checksum winapi-build 0.1.1 (registry+https://github.com/rust-lang/crates.io-index)" = "2d315eee3b34aca4797b2da6b13ed88266e6d612562a0c46390af8299fc699bc"
